
Microsoft Visual Studio Solution File, Format Version 12.00
# Visual Studio 15
VisualStudioVersion = 15.0.28307.421
MinimumVisualStudioVersion = 10.0.40219.1
Project("{FAE04EC0-301F-11D3-BF4B-00C04F79EFBC}") = "FileWatcherDemo", "FileWatcherDemo\FileWatcherDemo.csproj", "{BDDA14E0-6D11-4EAC-A0C8-19D6455CD055}"
EndProject
Global
	GlobalSection(SolutionConfigurationPlatforms) = preSolution
		Debug|Any CPU = Debug|Any CPU
		Release|Any CPU = Release|Any CPU
	EndGlobalSection
	GlobalSection(ProjectConfigurationPlatforms) = postSolution
		{BDDA14E0-6D11-4EAC-A0C8-19D6455CD055}.Debug|Any CPU.ActiveCfg = Debug|Any CPU
		{BDDA14E0-6D11-4EAC-A0C8-19D6455CD055}.Debug|Any CPU.Build.0 = Debug|Any CPU
		{BDDA14E0-6D11-4EAC-A0C8-19D6455CD055}.Release|Any CPU.ActiveCfg = Release|Any CPU
		{BDDA14E0-6D11-4EAC-A0C8-19D6455CD055}.Release|Any CPU.Build.0 = Release|Any CPU
	EndGlobalSection
	GlobalSection(SolutionProperties) = preSolution
		HideSolutionNode = FALSE
	EndGlobalSection
	GlobalSection(ExtensibilityGlobals) = postSolution
		SolutionGuid = {2DD34FBD-0EAF-425A-913F-535C2744F50F}
	EndGlobalSection
EndGlobal
